
Microsoft Visual Studio Solution File, Format Version 12.00
# Visual Studio Version 16
VisualStudioVersion = 16.0.29306.81
MinimumVisualStudioVersion = 10.0.40219.1
Project("{FAE04EC0-301F-11D3-BF4B-00C04F79EFBC}") = "SecureButton", "SecureButton\SecureButton.csproj", "{FB3074EB-5A35-4546-9A1B-411022F0C614}"
EndProject
Global
	GlobalSection(SolutionConfigurationPlatforms) = preSolution
		Debug|Any CPU = Debug|Any CPU
		Release|Any CPU = Release|Any CPU
	EndGlobalSection
	GlobalSection(ProjectConfigurationPlatforms) = postSolution
		{FB3074EB-5A35-4546-9A1B-411022F0C614}.Debug|Any CPU.ActiveCfg = Debug|Any CPU
		{FB3074EB-5A35-4546-9A1B-411022F0C614}.Debug|Any CPU.Build.0 = Debug|Any CPU
		{FB3074EB-5A35-4546-9A1B-411022F0C614}.Release|Any CPU.ActiveCfg = Release|Any CPU
		{FB3074EB-5A35-4546-9A1B-411022F0C614}.Release|Any CPU.Build.0 = Release|Any CPU
	EndGlobalSection
	GlobalSection(SolutionProperties) = preSolution
		HideSolutionNode = FALSE
	EndGlobalSection
	GlobalSection(ExtensibilityGlobals) = postSolution
		SolutionGuid = {CAF23B61-72DC-438C-9B55-A575D9E4C6A6}
	EndGlobalSection
EndGlobal
