
Microsoft Visual Studio Solution File, Format Version 12.00
# Visual Studio Version 16
VisualStudioVersion = 16.0.29306.81
MinimumVisualStudioVersion = 10.0.40219.1
Project("{FAE04EC0-301F-11D3-BF4B-00C04F79EFBC}") = "AccessData2", "AccessData2\AccessData2.csproj", "{793FA384-E399-408B-8602-D3C3E0788743}"
EndProject
Global
	GlobalSection(SolutionConfigurationPlatforms) = preSolution
		Debug|Any CPU = Debug|Any CPU
		Release|Any CPU = Release|Any CPU
	EndGlobalSection
	GlobalSection(ProjectConfigurationPlatforms) = postSolution
		{793FA384-E399-408B-8602-D3C3E0788743}.Debug|Any CPU.ActiveCfg = Debug|Any CPU
		{793FA384-E399-408B-8602-D3C3E0788743}.Debug|Any CPU.Build.0 = Debug|Any CPU
		{793FA384-E399-408B-8602-D3C3E0788743}.Release|Any CPU.ActiveCfg = Release|Any CPU
		{793FA384-E399-408B-8602-D3C3E0788743}.Release|Any CPU.Build.0 = Release|Any CPU
	EndGlobalSection
	GlobalSection(SolutionProperties) = preSolution
		HideSolutionNode = FALSE
	EndGlobalSection
	GlobalSection(ExtensibilityGlobals) = postSolution
		SolutionGuid = {B524F310-6E85-418E-BA3E-0F7B33A41761}
	EndGlobalSection
EndGlobal
