
Microsoft Visual Studio Solution File, Format Version 12.00
# Visual Studio Version 16
VisualStudioVersion = 16.0.29306.81
MinimumVisualStudioVersion = 10.0.40219.1
Project("{FAE04EC0-301F-11D3-BF4B-00C04F79EFBC}") = "EntitiyFramework", "EntitiyFramework.csproj", "{B0670F72-BC03-4F83-9005-3AA99A6F9513}"
EndProject
Global
	GlobalSection(SolutionConfigurationPlatforms) = preSolution
		Debug|Any CPU = Debug|Any CPU
		Release|Any CPU = Release|Any CPU
	EndGlobalSection
	GlobalSection(ProjectConfigurationPlatforms) = postSolution
		{B0670F72-BC03-4F83-9005-3AA99A6F9513}.Debug|Any CPU.ActiveCfg = Debug|Any CPU
		{B0670F72-BC03-4F83-9005-3AA99A6F9513}.Debug|Any CPU.Build.0 = Debug|Any CPU
		{B0670F72-BC03-4F83-9005-3AA99A6F9513}.Release|Any CPU.ActiveCfg = Release|Any CPU
		{B0670F72-BC03-4F83-9005-3AA99A6F9513}.Release|Any CPU.Build.0 = Release|Any CPU
	EndGlobalSection
	GlobalSection(SolutionProperties) = preSolution
		HideSolutionNode = FALSE
	EndGlobalSection
	GlobalSection(ExtensibilityGlobals) = postSolution
		SolutionGuid = {E09D58BA-A9AF-46A5-8C1B-75D3DD40D7FE}
	EndGlobalSection
EndGlobal
